
Microsoft Visual Studio Solution File, Format Version 12.00
# Visual Studio 15
VisualStudioVersion = 15.0.27130.2036
MinimumVisualStudioVersion = 10.0.40219.1
Project("{FAE04EC0-301F-11D3-BF4B-00C04F79EFBC}") = "Tenis Game", "Tenis Game\Tenis Game.csproj", "{E4EFDF5D-7E2E-47D5-9067-E379F3DFBF67}"
EndProject
Global
	GlobalSection(SolutionConfigurationPlatforms) = preSolution
		Debug|Any CPU = Debug|Any CPU
		Release|Any CPU = Release|Any CPU
	EndGlobalSection
	GlobalSection(ProjectConfigurationPlatforms) = postSolution
		{E4EFDF5D-7E2E-47D5-9067-E379F3DFBF67}.Debug|Any CPU.ActiveCfg = Debug|Any CPU
		{E4EFDF5D-7E2E-47D5-9067-E379F3DFBF67}.Debug|Any CPU.Build.0 = Debug|Any CPU
		{E4EFDF5D-7E2E-47D5-9067-E379F3DFBF67}.Release|Any CPU.ActiveCfg = Release|Any CPU
		{E4EFDF5D-7E2E-47D5-9067-E379F3DFBF67}.Release|Any CPU.Build.0 = Release|Any CPU
	EndGlobalSection
	GlobalSection(SolutionProperties) = preSolution
		HideSolutionNode = FALSE
	EndGlobalSection
	GlobalSection(ExtensibilityGlobals) = postSolution
		SolutionGuid = {7581DADB-0EED-4421-A173-7275E52C5B83}
	EndGlobalSection
EndGlobal
